{
    "_meta": {
        "hash": {
            "sha256": "17becdb48777cfe889a58ad9c8d7508e342ab0acaeda31eb634f32c846e6974b"
        },
        "host-environment-markers": {
            "implementation_name": "cpython",
            "implementation_version": "3.6.4",
            "os_name": "posix",
            "platform_machine": "x86_64",
            "platform_python_implementation": "CPython",
            "platform_release": "4.15.1-2-ARCH",
            "platform_system": "Linux",
            "platform_version": "#1 SMP Sun Feb 4 22:27:45 UTC 2018",
            "python_full_version": "3.6.4",
            "python_version": "3.6",
            "sys_platform": "linux"
        },
        "pipfile-spec": 6,
        "requires": {},
        "sources": [
            {
                "name": "pypi",
                "url": "https://pypi.python.org/simple",
                "verify_ssl": true
            }
        ]
    },
    "default": {
        "absl-py": {
            "hashes": [
                "sha256:e0eb8358b549552b1cc5972350bc3e41dd0a926c15b3ff95ce60f3c78c80824c"
            ],
            "version": "==0.2.2"
        },
        "astor": {
            "hashes": [
                "sha256:64c805f1ad6fbc505633416b6174fc23796eb164f371a7dc1f3951ea30560fb5",
                "sha256:ff6d2e2962d834acb125cc4dcc80c54a8c17c253f4cc9d9c43b5102a560bb75d"
            ],
            "version": "==0.6.2"
        },
        "bleach": {
            "hashes": [
                "sha256:e67f46adcec78dbc3c04462f3aba3213a673d5652eba2609ed1ef15492a44b8d",
                "sha256:978e758599b54cd3caa2e160d74102879b230ea8dc93871d0783721eef58bc65"
            ],
            "version": "==1.5.0"
        },
        "bottle": {
            "hashes": [
                "sha256:39b751aee0b167be8dffb63ca81b735bbf1dd0905b3bc42761efedee8f123355"
            ],
            "version": "==0.12.13"
        },
        "gast": {
            "hashes": [
                "sha256:7068908321ecd2774f145193c4b34a11305bd104b4551b09273dfd1d6a374930"
            ],
            "version": "==0.2.0"
        },
        "grpcio": {
            "hashes": [
                "sha256:9444863aaba55b662719e22680f11134182604619f241cc607020e5b3786f4cd",
                "sha256:0feade5de967be3c9ee041662d1347fc537ad05ccbcf05bcf1efa05072bef926",
                "sha256:bf7bfe162057e6f1e3f4613b2a5f1157c8e286bddeaa40f7b8ce5054cb4b1413",
                "sha256:35a4f6ffae88ce6a461e503ae91b62dc5c96013cafc717f2d7139686b5c39969",
                "sha256:e1a03666852b956f7949c2a7f187dd54406cae2874c2ce26c1a0dafddf812cb2",
                "sha256:868973b64b7e2464e5297cc660da588c542c175e85f6d2f7490d86c0dd5dbb4c",
                "sha256:59c7670c902acce952ba709d9126cda87a45d7fed6bd568868e74171e4acd7f7",
                "sha256:cde83440fb4691d1bd8620ea919a9bd3199e6725e72d2c0d94898a2774c255ee",
                "sha256:b47a19a3be2f9608b4296bd16374c9a922d3206cf0a917792801a5cef5a2fa23",
                "sha256:a02ef0354fb455a9ce2ad869a40f28f20a64147d46557c59b7269a15832c36d2",
                "sha256:f0169d98670ef1db52e4f6930fd470c34731948350cabbe93087a8462b1f1da4",
                "sha256:2d7215dca11ba4aa49cc6c05b37e4b0a0f99727c8604e8ccd5ef1f6e06332200",
                "sha256:e322eb5dc533cfbf21a9e964ebab80da391a26234a82288bfce505058913dfac",
                "sha256:1ae02a9787cf2c5f25add0806f6271283b6074ab8619077d2b5c9037950c890b",
                "sha256:cc7bd47eca988831d58a618908c825204d6ee8e90cdb9854a09b52a3b76ac168",
                "sha256:3d1b3e7042a41b167334f718842f13deb80287886c9160efe31252602b13a128",
                "sha256:59a2fb52d286a38b9cbc7434eb473026fde0b20c223a10a99f5c3d4e395c2c2b",
                "sha256:5b03fd3941c5e1a5deb01026bae025d319b38d3facb3e5fc491bca73e908d69e",
                "sha256:86f0c2062fde76789f7cdbf67d4ede116e7e1ceaf4c327fff7b9d17eb5852403",
                "sha256:68dbe71f890475e2824afbc5dc72714d1fca668bc15df0954bda4a8a5a53d0c7",
                "sha256:3be7635b4308e06449b2275a5e96a030bbf82ba6797ae8947f14667491924d81",
                "sha256:468d4ce007cb859d5f9440cf4a7461cc172fd07d690300f4db88afaa78f01003",
                "sha256:65842e698776f4e49f62346c0f80fc31b34907e0df4247650c643113ef167122",
                "sha256:9ac704e25d271af62c1ea72f1cb42ec7938f26f00314a8f324999ac5e1bf55eb",
                "sha256:aabcdc960633231f9575252c061b480fc56a1ff6dcc7999fa5d4968f574d894f",
                "sha256:c3cf3f431b41c39aa1501458d0e46086e699836536af873fe028dda1dfc6bcbd",
                "sha256:f14faadfd09aa8526536cd2149e274563f45b767fca1736ccc53803a6af3f90e"
            ],
            "version": "==1.12.1"
        },
        "html5lib": {
            "hashes": [
                "sha256:2612a191a8d5842bfa057e41ba50bbb9dcb722419d2408c78cff4758d0754868"
            ],
            "version": "==0.9999999"
        },
        "markdown": {
            "hashes": [
                "sha256:9ba587db9daee7ec761cfc656272be6aabe2ed300fece21208e4aab2e457bc8f",
                "sha256:a856869c7ff079ad84a3e19cd87a64998350c2b94e9e08e44270faef33400f81"
            ],
            "version": "==2.6.11"
        },
        "numpy": {
            "hashes": [
                "sha256:910e7ae5eeee8d322775187692c5c66719cd58d230fbfd57245ea3cf75716910",
                "sha256:f5c9ca457057cd5e12ddab36cded8b1f38bf1f45bf550d4ca2839b11ec57f597",
                "sha256:d29e72413b66df23c75b9b469253c823698ea2e00f58e9e0df64b7a50696e8ac",
                "sha256:539345898a4ae17421c159ae2a350901a5e6ce3da8f24168c6c67b3536e13de8",
                "sha256:929928932f91082a168e36984179deddd58f8e98822ad2f33a2955d7c4eec596",
                "sha256:62b09f3d1ea01d79c16a6642cb21599f53b9338c59971b2418a573155d2202ec",
                "sha256:c4b1914d86c43399438518a2ac8bcba2fb64dd5a18efddded3783b9daae70933",
                "sha256:6c6feb0647380db6e1d5d49ef9fb59c42240f25fb8df8b6e82ecb436c7e0621a",
                "sha256:da2f47e46d7a93b73891d1981378717dc73c6ad5cc4fd23c934bfea7847fa958",
                "sha256:4c767b6d9c9a071bb36ea34eb240ee5192fe0bc4c13be5e6c51e0350a30f7ac0",
                "sha256:b2f98838f4bbc3bf23af7e97ffcad18a2dc6bbb0726796781e02b9347af6685f",
                "sha256:11fcbed36c101a3b9c4636e791efccba82409ebbedaba938c97be8bdddd029cc",
                "sha256:8969c8f987f8bcc3e30c014532cfc20e4a8f86a50c361596e086310853adacb7",
                "sha256:2875e8055a1ea8d933b1c9d0f8714c0aa11c097bfadfcb8564c4d868fbf09a41",
                "sha256:09b87d652c03508447d0f618e1d3ae57595acd3e0f0c11ac91bf68ed7bdb3a28",
                "sha256:9cad35b911e150f00bb8080950c7e9f172714bbd0234f5ab74b4e3e2d9288b37",
                "sha256:479863de17f66810db00bccf35289555365da45d3b053ccf539b95ab3b9c24f6",
                "sha256:b162c6b044960b4ea0f42be049ce2af1d18c60f82748f0a27bd5ad182a731bf3",
                "sha256:fa656dccfa9141774440575a6e7875d08b93f4a332eb5ae40877b26bed291c01",
                "sha256:7dfa5b49fb2a080bd0d39bfbcff1177bacb14fcb28c857fd65fd0c18938935de",
                "sha256:e8e0e75db757e41463888939d26c8058b4ecd25e563c597e9119f512dc0ee1da",
                "sha256:c8dc6aa96882df6323bf9545934e37c6e05959bd789ae4b14d50509b093907aa",
                "sha256:36ee86d5adbabc4fa2643a073f93d5504bdfed37a149a3a49f4dde259f35a750"
            ],
            "version": "==1.13.3"
        },
        "protobuf": {
            "hashes": [
                "sha256:d7ac50bc06d31deb07ace6de85556c1d7330e5c0958f3b2af85037d6d1182abf",
                "sha256:12985d9f40c104da2f44ec089449214876809b40fdc5d9e43b93b512b9e74056",
                "sha256:8bf82bb7a466a54be7272dcb492f71d55a2453a58d862fb74c3f2083f2768543",
                "sha256:9fefcb92a3784b446abf3641d9a14dad815bee88e0edd10b9a9e0e144d01a991",
                "sha256:3895319db04c0b3baed74fb66be7ba9f4cd8e88a432b8e71032cdf08b2dfee23",
                "sha256:695072063e256d32335d48b9484451f7c7948edc3dbd419469d6a778602682fc",
                "sha256:12c97fe27af12fc5d66b23f905ab09dd4fb0c68d5a74a419d914580e6d2e71e3",
                "sha256:327fb9d8a8247bc780b9ea7ed03c0643bc0d22c139b761c9ec1efc7cc3f0923e",
                "sha256:cca22955443c55cf86f963a4ad7057bca95e4dcde84d6a493066d380cfab3bb0",
                "sha256:7d786f3ef5b33a04e6538089674f244a3b0f588155016559d950989010af97d0",
                "sha256:9bbc1ae1c33c1bd3a2fc05a3aec328544d2b039ff0ce6f000063628a32fad777",
                "sha256:dfe6899304b898538f4dc94fa0b281b56b70e40f58afa4c6f807805261cbe2e8",
                "sha256:9e992c68103ab5635728d29fcf132c669cb4e2db24d012685210276185009d17",
                "sha256:9f1087abb67b34e55108bc610936b34363a7aac692023bcbb17e065c253a1f80",
                "sha256:a37836aa47d1b81c2db1a6b7a5e79926062b5d76bd962115a0e615551be2b48d"
            ],
            "version": "==3.6.0"
        },
        "six": {
            "hashes": [
                "sha256:832dc0e10feb1aa2c68dcc57dbb658f1c7e65b9b61af69048abc87a2db00a0eb",
                "sha256:70e8a77beed4562e7f14fe23a786b54f6296e34344c23bc42f07b15018ff98e9"
            ],
            "version": "==1.11.0"
        },
        "tensorboard": {
            "hashes": [
                "sha256:2651a4d9261a6593cb2c3514576e4bf25e273837c79e98f68a3cf51759f68725",
                "sha256:7776cc8bcfd0d07cd106e9e86c011ab8eca38c97b57f5433b9f0fd6bbf31a36e"
            ],
            "version": "==1.8.0"
        },
        "tensorflow": {
            "hashes": [
                "sha256:1fc4eb267bc973f2a8466778ad0c6f110f8356373e534c8463a7bb9b6d86e5f0",
                "sha256:899e53e01efcc8e906b3d1f53fe6a6264edf5dfc275b32cadbc6f4e33dca78f7",
                "sha256:3087797a85610b756066df294f98e666e49f4fa60c6e1dbcf4b190b21397af71",
                "sha256:36a6671d39a3aec89cb4cce125e90305c3f8a69da16d2fb72eff40fe478e1de9",
                "sha256:68bda870c355aa64dc3dc377d5b9d13c829281467a7c3b95cb8529031d8f68b2",
                "sha256:dccc205e84cd33a240a601046e88eacefe12d677a1bbdf17f0ebafd1a7c84c70",
                "sha256:397c0766e166fb768613b1498a2a6f67eeea077425d234c0138d55e85408473d",
                "sha256:d345d296aeb05eeb50d9de43a1dcb66ceaba6a2bd603f58aeefaa07b2c1bfac1",
                "sha256:24c3d3f87dc6108f4de3bbb7f647bcd6f303f874721b176185f260adea88fe40",
                "sha256:373c637f9c4f06346b1b02e280b30517d262a1651b252ff889f7c22716ef4548",
                "sha256:de51f60021ea8160ea6d0340e827a26331cd549f6e7c470fba7ee83aeab4f818",
                "sha256:92801b9aebcc195d3b5a492d1d46330c47c11c6f0c0f7ab6b605da489482c64e"
            ],
            "version": "==1.8.0"
        },
        "termcolor": {
            "hashes": [
                "sha256:1d6d69ce66211143803fbc56652b41d73b4a400a2891d7bf7a1cdf4c02de613b"
            ],
            "version": "==1.1.0"
        },
        "werkzeug": {
            "hashes": [
                "sha256:d5da73735293558eb1651ee2fddc4d0dedcfa06538b8813a2e20011583c9e49b",
                "sha256:c3fd7a7d41976d9f44db327260e263132466836cef6f91512889ed60ad26557c"
            ],
            "version": "==0.14.1"
        },
        "wheel": {
            "hashes": [
                "sha256:80044e51ec5bbf6c894ba0bc48d26a8c20a9ba629f4ca19ea26ecfcf87685f5f",
                "sha256:0a2e54558a0628f2145d2fc822137e322412115173e8a2ddbe1c9024338ae83c"
            ],
            "version": "==0.31.1"
        }
    },
    "develop": {}
}
